// !$*UTF8*$!
{
	archiveVersion = 1;
	classes = {
	};
	objectVersion = 50;
	objects = {

/* Begin PBXBuildFile section */
		DF07186B22B2010E00FE0CE7 /* AppDelegate.m in Sources */ = {isa = PBXBuildFile; fileRef = DF07186A22B2010E00FE0CE7 /* AppDelegate.m */; };
		DF07186E22B2010E00FE0CE7 /* ViewController.m in Sources */ = {isa = PBXBuildFile; fileRef = DF07186D22B2010E00FE0CE7 /* ViewController.m */; };
		DF07187122B2010E00FE0CE7 /* Main.storyboard in Resources */ = {isa = PBXBuildFile; fileRef = DF07186F22B2010E00FE0CE7 /* Main.storyboard */; };
		DF07187322B2011000FE0CE7 /* Assets.xcassets in Resources */ = {isa = PBXBuildFile; fileRef = DF07187222B2011000FE0CE7 /* Assets.xcassets */; };
		DF07187622B2011000FE0CE7 /* LaunchScreen.storyboard in Resources */ = {isa = PBXBuildFile; fileRef = DF07187422B2011000FE0CE7 /* LaunchScreen.storyboard */; };
		DF07187922B2011000FE0CE7 /* main.m in Sources */ = {isa = PBXBuildFile; fileRef = DF07187822B2011000FE0CE7 /* main.m */; };
		DF07188222B2014000FE0CE7 /* MMSweepTVCell.m in Sources */ = {isa = PBXBuildFile; fileRef = DF07188022B2014000FE0CE7 /* MMSweepTVCell.m */; };
/* End PBXBuildFile section */

/* Begin PBXFileReference section */
		DF07186622B2010E00FE0CE7 /* SweepDemo.app */ = {isa = PBXFileReference; explicitFileType = wrapper.application; includeInIndex = 0; path = SweepDemo.app; sourceTree = BUILT_PRODUCTS_DIR; };
		DF07186922B2010E00FE0CE7 /* AppDelegate.h */ = {isa = PBXFileReference; lastKnownFileType = sourcecode.c.h; path = AppDelegate.h; sourceTree = "<group>"; };
		DF07186A22B2010E00FE0CE7 /* AppDelegate.m */ = {isa = PBXFileReference; lastKnownFileType = sourcecode.c.objc; path = AppDelegate.m; sourceTree = "<group>"; };
		DF07186C22B2010E00FE0CE7 /* ViewController.h */ = {isa = PBXFileReference; lastKnownFileType = sourcecode.c.h; path = ViewController.h; sourceTree = "<group>"; };
		DF07186D22B2010E00FE0CE7 /* ViewController.m */ = {isa = PBXFileReference; lastKnownFileType = sourcecode.c.objc; path = ViewController.m; sourceTree = "<group>"; };
		DF07187022B2010E00FE0CE7 /* Base */ = {isa = PBXFileReference; lastKnownFileType = file.storyboard; name = Base; path = Base.lproj/Main.storyboard; sourceTree = "<group>"; };
		DF07187222B2011000FE0CE7 /* Assets.xcassets */ = {isa = PBXFileReference; lastKnownFileType = folder.assetcatalog; path = Assets.xcassets; sourceTree = "<group>"; };
		DF07187522B2011000FE0CE7 /* Base */ = {isa = PBXFileReference; lastKnownFileType = file.storyboard; name = Base; path = Base.lproj/LaunchScreen.storyboard; sourceTree = "<group>"; };
		DF07187722B2011000FE0CE7 /* Info.plist */ = {isa = PBXFileReference; lastKnownFileType = text.plist.xml; path = Info.plist; sourceTree = "<group>"; };
		DF07187822B2011000FE0CE7 /* main.m */ = {isa = PBXFileReference; lastKnownFileType = sourcecode.c.objc; path = main.m; sourceTree = "<group>"; };
		DF07188022B2014000FE0CE7 /* MMSweepTVCell.m */ = {isa = PBXFileReference; fileEncoding = 4; lastKnownFileType = sourcecode.c.objc; path = MMSweepTVCell.m; sourceTree = "<group>"; };
		DF07188122B2014000FE0CE7 /* MMSweepTVCell.h */ = {isa = PBXFileReference; fileEncoding = 4; lastKnownFileType = sourcecode.c.h; path = MMSweepTVCell.h; sourceTree = "<group>"; };
/* End PBXFileReference section */

/* Begin PBXFrameworksBuildPhase section */
		DF07186322B2010E00FE0CE7 /* Frameworks */ = {
			isa = PBXFrameworksBuildPhase;
			buildActionMask = 2147483647;
			files = (
			);
			runOnlyForDeploymentPostprocessing = 0;
		};
/* End PBXFrameworksBuildPhase section */

/* Begin PBXGroup section */
		DF07185D22B2010E00FE0CE7 = {
			isa = PBXGroup;
			children = (
				DF07187F22B2014000FE0CE7 /* MMSweepTVCell */,
				DF07186822B2010E00FE0CE7 /* SweepDemo */,
				DF07186722B2010E00FE0CE7 /* Products */,
			);
			sourceTree = "<group>";
		};
		DF07186722B2010E00FE0CE7 /* Products */ = {
			isa = PBXGroup;
			children = (
				DF07186622B2010E00FE0CE7 /* SweepDemo.app */,
			);
			name = Products;
			sourceTree = "<group>";
		};
		DF07186822B2010E00FE0CE7 /* SweepDemo */ = {
			isa = PBXGroup;
			children = (
				DF07186922B2010E00FE0CE7 /* AppDelegate.h */,
				DF07186A22B2010E00FE0CE7 /* AppDelegate.m */,
				DF07186C22B2010E00FE0CE7 /* ViewController.h */,
				DF07186D22B2010E00FE0CE7 /* ViewController.m */,
				DF07186F22B2010E00FE0CE7 /* Main.storyboard */,
				DF07187222B2011000FE0CE7 /* Assets.xcassets */,
				DF07187422B2011000FE0CE7 /* LaunchScreen.storyboard */,
				DF07187722B2011000FE0CE7 /* Info.plist */,
				DF07187822B2011000FE0CE7 /* main.m */,
			);
			path = SweepDemo;
			sourceTree = "<group>";
		};
		DF07187F22B2014000FE0CE7 /* MMSweepTVCell */ = {
			isa = PBXGroup;
			children = (
				DF07188122B2014000FE0CE7 /* MMSweepTVCell.h */,
				DF07188022B2014000FE0CE7 /* MMSweepTVCell.m */,
			);
			name = MMSweepTVCell;
			path = ../MMSweepTVCell;
			sourceTree = "<group>";
		};
/* End PBXGroup section */

/* Begin PBXNativeTarget section */
		DF07186522B2010E00FE0CE7 /* SweepDemo */ = {
			isa = PBXNativeTarget;
			buildConfigurationList = DF07187C22B2011000FE0CE7 /* Build configuration list for PBXNativeTarget "SweepDemo" */;
			buildPhases = (
				DF07186222B2010E00FE0CE7 /* Sources */,
				DF07186322B2010E00FE0CE7 /* Frameworks */,
				DF07186422B2010E00FE0CE7 /* Resources */,
			);
			buildRules = (
			);
			dependencies = (
			);
			name = SweepDemo;
			productName = SweepDemo;
			productReference = DF07186622B2010E00FE0CE7 /* SweepDemo.app */;
			productType = "com.apple.product-type.application";
		};
/* End PBXNativeTarget section */

/* Begin PBXProject section */
		DF07185E22B2010E00FE0CE7 /* Project object */ = {
			isa = PBXProject;
			attributes = {
				LastUpgradeCheck = 1020;
				ORGANIZATIONNAME = Mumu;
				TargetAttributes = {
					DF07186522B2010E00FE0CE7 = {
						CreatedOnToolsVersion = 10.2.1;
					};
				};
			};
			buildConfigurationList = DF07186122B2010E00FE0CE7 /* Build configuration list for PBXProject "SweepDemo" */;
			compatibilityVersion = "Xcode 9.3";
			developmentRegion = en;
			hasScannedForEncodings = 0;
			knownRegions = (
				en,
				Base,
			);
			mainGroup = DF07185D22B2010E00FE0CE7;
			productRefGroup = DF07186722B2010E00FE0CE7 /* Products */;
			projectDirPath = "";
			projectRoot = "";
			targets = (
				DF07186522B2010E00FE0CE7 /* SweepDemo */,
			);
		};
/* End PBXProject section */

/* Begin PBXResourcesBuildPhase section */
		DF07186422B2010E00FE0CE7 /* Resources */ = {
			isa = PBXResourcesBuildPhase;
			buildActionMask = 2147483647;
			files = (
				DF07187622B2011000FE0CE7 /* LaunchScreen.storyboard in Resources */,
				DF07187322B2011000FE0CE7 /* Assets.xcassets in Resources */,
				DF07187122B2010E00FE0CE7 /* Main.storyboard in Resources */,
			);
			runOnlyForDeploymentPostprocessing = 0;
		};
/* End PBXResourcesBuildPhase section */

/* Begin PBXSourcesBuildPhase section */
		DF07186222B2010E00FE0CE7 /* Sources */ = {
			isa = PBXSourcesBuildPhase;
			buildActionMask = 2147483647;
			files = (
				DF07186E22B2010E00FE0CE7 /* ViewController.m in Sources */,
				DF07187922B2011000FE0CE7 /* main.m in Sources */,
				DF07188222B2014000FE0CE7 /* MMSweepTVCell.m in Sources */,
				DF07186B22B2010E00FE0CE7 /* AppDelegate.m in Sources */,
			);
			runOnlyForDeploymentPostprocessing = 0;
		};
/* End PBXSourcesBuildPhase section */

/* Begin PBXVariantGroup section */
		DF07186F22B2010E00FE0CE7 /* Main.storyboard */ = {
			isa = PBXVariantGroup;
			children = (
				DF07187022B2010E00FE0CE7 /* Base */,
			);
			name = Main.storyboard;
			sourceTree = "<group>";
		};
		DF07187422B2011000FE0CE7 /* LaunchScreen.storyboard */ = {
			isa = PBXVariantGroup;
			children = (
				DF07187522B2011000FE0CE7 /* Base */,
			);
			name = LaunchScreen.storyboard;
			sourceTree = "<group>";
		};
/* End PBXVariantGroup section */

/* Begin XCBuildConfiguration section */
		DF07187A22B2011000FE0CE7 /* Debug */ = {
			isa = XCBuildConfiguration;
			buildSettings = {
				ALWAYS_SEARCH_USER_PATHS = NO;
				CLANG_ANALYZER_NONNULL = YES;
				CLANG_ANALYZER_NUMBER_OBJECT_CONVERSION = YES_AGGRESSIVE;
				CLANG_CXX_LANGUAGE_STANDARD = "gnu++14";
				CLANG_CXX_LIBRARY = "libc++";
				CLANG_ENABLE_MODULES = YES;
				CLANG_ENABLE_OBJC_ARC = YES;
				CLANG_ENABLE_OBJC_WEAK = YES;
				CLANG_WARN_BLOCK_CAPTURE_AUTORELEASING = YES;
				CLANG_WARN_BOOL_CONVERSION = YES;
				CLANG_WARN_COMMA = YES;
				CLANG_WARN_CONSTANT_CONVERSION = YES;
				CLANG_WARN_DEPRECATED_OBJC_IMPLEMENTATIONS = YES;
				CLANG_WARN_DIRECT_OBJC_ISA_USAGE = YES_ERROR;
				CLANG_WARN_DOCUMENTATION_COMMENTS = YES;
				CLANG_WARN_EMPTY_BODY = YES;
				CLANG_WARN_ENUM_CONVERSION = YES;
				CLANG_WARN_INFINITE_RECURSION = YES;
				CLANG_WARN_INT_CONVERSION = YES;
				CLANG_WARN_NON_LITERAL_NULL_CONVERSION = YES;
				CLANG_WARN_OBJC_IMPLICIT_RETAIN_SELF = YES;
				CLANG_WARN_OBJC_LITERAL_CONVERSION = YES;
				CLANG_WARN_OBJC_ROOT_CLASS = YES_ERROR;
				CLANG_WARN_RANGE_LOOP_ANALYSIS = YES;
				CLANG_WARN_STRICT_PROTOTYPES = YES;
				CLANG_WARN_SUSPICIOUS_MOVE = YES;
				CLANG_WARN_UNGUARDED_AVAILABILITY = YES_AGGRESSIVE;
				CLANG_WARN_UNREACHABLE_CODE = YES;
				CLANG_WARN__DUPLICATE_METHOD_MATCH = YES;
				CODE_SIGN_IDENTITY = "iPhone Developer";
				COPY_PHASE_STRIP = NO;
				DEBUG_INFORMATION_FORMAT = dwarf;
				ENABLE_STRICT_OBJC_MSGSEND = YES;
				ENABLE_TESTABILITY = YES;
				GCC_C_LANGUAGE_STANDARD = gnu11;
				GCC_DYNAMIC_NO_PIC = NO;
				GCC_NO_COMMON_BLOCKS = YES;
				GCC_OPTIMIZATION_LEVEL = 0;
				GCC_PREPROCESSOR_DEFINITIONS = (
					"DEBUG=1",
					"$(inherited)",
				);
				GCC_WARN_64_TO_32_BIT_CONVERSION = YES;
				GCC_WARN_ABOUT_RETURN_TYPE = YES_ERROR;
				GCC_WARN_UNDECLARED_SELECTOR = YES;
				GCC_WARN_UNINITIALIZED_AUTOS = YES_AGGRESSIVE;
				GCC_WARN_UNUSED_FUNCTION = YES;
				GCC_WARN_UNUSED_VARIABLE = YES;
				IPHONEOS_DEPLOYMENT_TARGET = 12.2;
				MTL_ENABLE_DEBUG_INFO = INCLUDE_SOURCE;
				MTL_FAST_MATH = YES;
				ONLY_ACTIVE_ARCH = YES;
				SDKROOT = iphoneos;
			};
			name = Debug;
		};
		DF07187B22B2011000FE0CE7 /* Release */ = {
			isa = XCBuildConfiguration;
			buildSettings = {
				ALWAYS_SEARCH_USER_PATHS = NO;
				CLANG_ANALYZER_NONNULL = YES;
				CLANG_ANALYZER_NUMBER_OBJECT_CONVERSION = YES_AGGRESSIVE;
				CLANG_CXX_LANGUAGE_STANDARD = "gnu++14";
				CLANG_CXX_LIBRARY = "libc++";
				CLANG_ENABLE_MODULES = YES;
				CLANG_ENABLE_OBJC_ARC = YES;
				CLANG_ENABLE_OBJC_WEAK = YES;
				CLANG_WARN_BLOCK_CAPTURE_AUTORELEASING = YES;
				CLANG_WARN_BOOL_CONVERSION = YES;
				CLANG_WARN_COMMA = YES;
				CLANG_WARN_CONSTANT_CONVERSION = YES;
				CLANG_WARN_DEPRECATED_OBJC_IMPLEMENTATIONS = YES;
				CLANG_WARN_DIRECT_OBJC_ISA_USAGE = YES_ERROR;
				CLANG_WARN_DOCUMENTATION_COMMENTS = YES;
				CLANG_WARN_EMPTY_BODY = YES;
				CLANG_WARN_ENUM_CONVERSION = YES;
				CLANG_WARN_INFINITE_RECURSION = YES;
				CLANG_WARN_INT_CONVERSION = YES;
				CLANG_WARN_NON_LITERAL_NULL_CONVERSION = YES;
				CLANG_WARN_OBJC_IMPLICIT_RETAIN_SELF = YES;
				CLANG_WARN_OBJC_LITERAL_CONVERSION = YES;
				CLANG_WARN_OBJC_ROOT_CLASS = YES_ERROR;
				CLANG_WARN_RANGE_LOOP_ANALYSIS = YES;
				CLANG_WARN_STRICT_PROTOTYPES = YES;
				CLANG_WARN_SUSPICIOUS_MOVE = YES;
				CLANG_WARN_UNGUARDED_AVAILABILITY = YES_AGGRESSIVE;
				CLANG_WARN_UNREACHABLE_CODE = YES;
				CLANG_WARN__DUPLICATE_METHOD_MATCH = YES;
				CODE_SIGN_IDENTITY = "iPhone Developer";
				COPY_PHASE_STRIP = NO;
				DEBUG_INFORMATION_FORMAT = "dwarf-with-dsym";
				ENABLE_NS_ASSERTIONS = NO;
				ENABLE_STRICT_OBJC_MSGSEND = YES;
				GCC_C_LANGUAGE_STANDARD = gnu11;
				GCC_NO_COMMON_BLOCKS = YES;
				GCC_WARN_64_TO_32_BIT_CONVERSION = YES;
				GCC_WARN_ABOUT_RETURN_TYPE = YES_ERROR;
				GCC_WARN_UNDECLARED_SELECTOR = YES;
				GCC_WARN_UNINITIALIZED_AUTOS = YES_AGGRESSIVE;
				GCC_WARN_UNUSED_FUNCTION = YES;
				GCC_WARN_UNUSED_VARIABLE = YES;
				IPHONEOS_DEPLOYMENT_TARGET = 12.2;
				MTL_ENABLE_DEBUG_INFO = NO;
				MTL_FAST_MATH = YES;
				SDKROOT = iphoneos;
				VALIDATE_PRODUCT = YES;
			};
			name = Release;
		};
		DF07187D22B2011000FE0CE7 /* Debug */ = {
			isa = XCBuildConfiguration;
			buildSettings = {
				ASSETCATALOG_COMPILER_APPICON_NAME = AppIcon;
				CODE_SIGN_STYLE = Automatic;
				INFOPLIST_FILE = SweepDemo/Info.plist;
				LD_RUNPATH_SEARCH_PATHS = (
					"$(inherited)",
					"@executable_path/Frameworks",
				);
				PRODUCT_BUNDLE_IDENTIFIER = com.mumu.sweepDemo.SweepDemo;
				PRODUCT_NAME = "$(TARGET_NAME)";
				TARGETED_DEVICE_FAMILY = "1,2";
			};
			name = Debug;
		};
		DF07187E22B2011000FE0CE7 /* Release */ = {
			isa = XCBuildConfiguration;
			buildSettings = {
				ASSETCATALOG_COMPILER_APPICON_NAME = AppIcon;
				CODE_SIGN_STYLE = Automatic;
				INFOPLIST_FILE = SweepDemo/Info.plist;
				LD_RUNPATH_SEARCH_PATHS = (
					"$(inherited)",
					"@executable_path/Frameworks",
				);
				PRODUCT_BUNDLE_IDENTIFIER = com.mumu.sweepDemo.SweepDemo;
				PRODUCT_NAME = "$(TARGET_NAME)";
				TARGETED_DEVICE_FAMILY = "1,2";
			};
			name = Release;
		};
/* End XCBuildConfiguration section */

/* Begin XCConfigurationList section */
		DF07186122B2010E00FE0CE7 /* Build configuration list for PBXProject "SweepDemo" */ = {
			isa = XCConfigurationList;
			buildConfigurations = (
				DF07187A22B2011000FE0CE7 /* Debug */,
				DF07187B22B2011000FE0CE7 /* Release */,
			);
			defaultConfigurationIsVisible = 0;
			defaultConfigurationName = Release;
		};
		DF07187C22B2011000FE0CE7 /* Build configuration list for PBXNativeTarget "SweepDemo" */ = {
			isa = XCConfigurationList;
			buildConfigurations = (
				DF07187D22B2011000FE0CE7 /* Debug */,
				DF07187E22B2011000FE0CE7 /* Release */,
			);
			defaultConfigurationIsVisible = 0;
			defaultConfigurationName = Release;
		};
/* End XCConfigurationList section */
	};
	rootObject = DF07185E22B2010E00FE0CE7 /* Project object */;
}
